// !$*UTF8*$!
{
	archiveVersion = 1;
	classes = {
	};
	objectVersion = 50;
	objects = {

/* Begin PBXBuildFile section */
		E55C59D025394FCE000C9956 /* shared.framework in Frameworks */ = {isa = PBXBuildFile; fileRef = E55C59CF25394FCE000C9956 /* shared.framework */; };
		E55C59D125394FCE000C9956 /* shared.framework in Embed Frameworks */ = {isa = PBXBuildFile; fileRef = E55C59CF25394FCE000C9956 /* shared.framework */; settings = {ATTRIBUTES = (CodeSignOnCopy, RemoveHeadersOnCopy, ); }; };
		E5B5B1AA2539414500FDB7BC /* MoviesApp.swift in Sources */ = {isa = PBXBuildFile; fileRef = E5B5B1A92539414500FDB7BC /* MoviesApp.swift */; };
		E5B5B1AC2539414500FDB7BC /* ContentView.swift in Sources */ = {isa = PBXBuildFile; fileRef = E5B5B1AB2539414500FDB7BC /* ContentView.swift */; };
		E5B5B1AE2539414700FDB7BC /* Assets.xcassets in Resources */ = {isa = PBXBuildFile; fileRef = E5B5B1AD2539414700FDB7BC /* Assets.xcassets */; };
		E5B5B1B12539414700FDB7BC /* Preview Assets.xcassets in Resources */ = {isa = PBXBuildFile; fileRef = E5B5B1B02539414700FDB7BC /* Preview Assets.xcassets */; };
		E5B5B1BC2539414700FDB7BC /* MoviesTests.swift in Sources */ = {isa = PBXBuildFile; fileRef = E5B5B1BB2539414700FDB7BC /* MoviesTests.swift */; };
		E5B5B1C72539414700FDB7BC /* MoviesUITests.swift in Sources */ = {isa = PBXBuildFile; fileRef = E5B5B1C62539414700FDB7BC /* MoviesUITests.swift */; };
/* End PBXBuildFile section */

/* Begin PBXContainerItemProxy section */
		E5B5B1B82539414700FDB7BC /* PBXContainerItemProxy */ = {
			isa = PBXContainerItemProxy;
			containerPortal = E5B5B19E2539414500FDB7BC /* Project object */;
			proxyType = 1;
			remoteGlobalIDString = E5B5B1A52539414500FDB7BC;
			remoteInfo = Movies;
		};
		E5B5B1C32539414700FDB7BC /* PBXContainerItemProxy */ = {
			isa = PBXContainerItemProxy;
			containerPortal = E5B5B19E2539414500FDB7BC /* Project object */;
			proxyType = 1;
			remoteGlobalIDString = E5B5B1A52539414500FDB7BC;
			remoteInfo = Movies;
		};
/* End PBXContainerItemProxy section */

/* Begin PBXCopyFilesBuildPhase section */
		E55C59C225394C75000C9956 /* Embed Frameworks */ = {
			isa = PBXCopyFilesBuildPhase;
			buildActionMask = 2147483647;
			dstPath = "";
			dstSubfolderSpec = 10;
			files = (
				E55C59D125394FCE000C9956 /* shared.framework in Embed Frameworks */,
			);
			name = "Embed Frameworks";
			runOnlyForDeploymentPostprocessing = 0;
		};
/* End PBXCopyFilesBuildPhase section */

/* Begin PBXFileReference section */
		E55C59CF25394FCE000C9956 /* shared.framework */ = {isa = PBXFileReference; lastKnownFileType = wrapper.framework; name = shared.framework; path = "../shared/build/xcode-frameworks/shared.framework"; sourceTree = "<group>"; };
		E5B5B1A62539414500FDB7BC /* Movies.app */ = {isa = PBXFileReference; explicitFileType = wrapper.application; includeInIndex = 0; path = Movies.app; sourceTree = BUILT_PRODUCTS_DIR; };
		E5B5B1A92539414500FDB7BC /* MoviesApp.swift */ = {isa = PBXFileReference; lastKnownFileType = sourcecode.swift; path = MoviesApp.swift; sourceTree = "<group>"; };
		E5B5B1AB2539414500FDB7BC /* ContentView.swift */ = {isa = PBXFileReference; lastKnownFileType = sourcecode.swift; path = ContentView.swift; sourceTree = "<group>"; };
		E5B5B1AD2539414700FDB7BC /* Assets.xcassets */ = {isa = PBXFileReference; lastKnownFileType = folder.assetcatalog; path = Assets.xcassets; sourceTree = "<group>"; };
		E5B5B1B02539414700FDB7BC /* Preview Assets.xcassets */ = {isa = PBXFileReference; lastKnownFileType = folder.assetcatalog; path = "Preview Assets.xcassets"; sourceTree = "<group>"; };
		E5B5B1B22539414700FDB7BC /* Info.plist */ = {isa = PBXFileReference; lastKnownFileType = text.plist.xml; path = Info.plist; sourceTree = "<group>"; };
		E5B5B1B72539414700FDB7BC /* MoviesTests.xctest */ = {isa = PBXFileReference; explicitFileType = wrapper.cfbundle; includeInIndex = 0; path = MoviesTests.xctest; sourceTree = BUILT_PRODUCTS_DIR; };
		E5B5B1BB2539414700FDB7BC /* MoviesTests.swift */ = {isa = PBXFileReference; lastKnownFileType = sourcecode.swift; path = MoviesTests.swift; sourceTree = "<group>"; };
		E5B5B1BD2539414700FDB7BC /* Info.plist */ = {isa = PBXFileReference; lastKnownFileType = text.plist.xml; path = Info.plist; sourceTree = "<group>"; };
		E5B5B1C22539414700FDB7BC /* MoviesUITests.xctest */ = {isa = PBXFileReference; explicitFileType = wrapper.cfbundle; includeInIndex = 0; path = MoviesUITests.xctest; sourceTree = BUILT_PRODUCTS_DIR; };
		E5B5B1C62539414700FDB7BC /* MoviesUITests.swift */ = {isa = PBXFileReference; lastKnownFileType = sourcecode.swift; path = MoviesUITests.swift; sourceTree = "<group>"; };
		E5B5B1C82539414700FDB7BC /* Info.plist */ = {isa = PBXFileReference; lastKnownFileType = text.plist.xml; path = Info.plist; sourceTree = "<group>"; };
/* End PBXFileReference section */

/* Begin PBXFrameworksBuildPhase section */
		E5B5B1A32539414500FDB7BC /* Frameworks */ = {
			isa = PBXFrameworksBuildPhase;
			buildActionMask = 2147483647;
			files = (
				E55C59D025394FCE000C9956 /* shared.framework in Frameworks */,
			);
			runOnlyForDeploymentPostprocessing = 0;
		};
		E5B5B1B42539414700FDB7BC /* Frameworks */ = {
			isa = PBXFrameworksBuildPhase;
			buildActionMask = 2147483647;
			files = (
			);
			runOnlyForDeploymentPostprocessing = 0;
		};
		E5B5B1BF2539414700FDB7BC /* Frameworks */ = {
			isa = PBXFrameworksBuildPhase;
			buildActionMask = 2147483647;
			files = (
			);
			runOnlyForDeploymentPostprocessing = 0;
		};
/* End PBXFrameworksBuildPhase section */

/* Begin PBXGroup section */
		E55C59AB25394985000C9956 /* Frameworks */ = {
			isa = PBXGroup;
			children = (
				E55C59CF25394FCE000C9956 /* shared.framework */,
			);
			name = Frameworks;
			sourceTree = "<group>";
		};
		E5B5B19D2539414500FDB7BC = {
			isa = PBXGroup;
			children = (
				E5B5B1A82539414500FDB7BC /* Movies */,
				E5B5B1BA2539414700FDB7BC /* MoviesTests */,
				E5B5B1C52539414700FDB7BC /* MoviesUITests */,
				E5B5B1A72539414500FDB7BC /* Products */,
				E55C59AB25394985000C9956 /* Frameworks */,
			);
			sourceTree = "<group>";
		};
		E5B5B1A72539414500FDB7BC /* Products */ = {
			isa = PBXGroup;
			children = (
				E5B5B1A62539414500FDB7BC /* Movies.app */,
				E5B5B1B72539414700FDB7BC /* MoviesTests.xctest */,
				E5B5B1C22539414700FDB7BC /* MoviesUITests.xctest */,
			);
			name = Products;
			sourceTree = "<group>";
		};
		E5B5B1A82539414500FDB7BC /* Movies */ = {
			isa = PBXGroup;
			children = (
				E5B5B1A92539414500FDB7BC /* MoviesApp.swift */,
				E5B5B1AB2539414500FDB7BC /* ContentView.swift */,
				E5B5B1AD2539414700FDB7BC /* Assets.xcassets */,
				E5B5B1B22539414700FDB7BC /* Info.plist */,
				E5B5B1AF2539414700FDB7BC /* Preview Content */,
			);
			path = Movies;
			sourceTree = "<group>";
		};
		E5B5B1AF2539414700FDB7BC /* Preview Content */ = {
			isa = PBXGroup;
			children = (
				E5B5B1B02539414700FDB7BC /* Preview Assets.xcassets */,
			);
			path = "Preview Content";
			sourceTree = "<group>";
		};
		E5B5B1BA2539414700FDB7BC /* MoviesTests */ = {
			isa = PBXGroup;
			children = (
				E5B5B1BB2539414700FDB7BC /* MoviesTests.swift */,
				E5B5B1BD2539414700FDB7BC /* Info.plist */,
			);
			path = MoviesTests;
			sourceTree = "<group>";
		};
		E5B5B1C52539414700FDB7BC /* MoviesUITests */ = {
			isa = PBXGroup;
			children = (
				E5B5B1C62539414700FDB7BC /* MoviesUITests.swift */,
				E5B5B1C82539414700FDB7BC /* Info.plist */,
			);
			path = MoviesUITests;
			sourceTree = "<group>";
		};
/* End PBXGroup section */

/* Begin PBXNativeTarget section */
		E5B5B1A52539414500FDB7BC /* Movies */ = {
			isa = PBXNativeTarget;
			buildConfigurationList = E5B5B1CB2539414700FDB7BC /* Build configuration list for PBXNativeTarget "Movies" */;
			buildPhases = (
				E5B5B1A22539414500FDB7BC /* Sources */,
				E5B5B1A32539414500FDB7BC /* Frameworks */,
				E5B5B1A42539414500FDB7BC /* Resources */,
				E55C59C225394C75000C9956 /* Embed Frameworks */,
			);
			buildRules = (
			);
			dependencies = (
			);
			name = Movies;
			productName = Movies;
			productReference = E5B5B1A62539414500FDB7BC /* Movies.app */;
			productType = "com.apple.product-type.application";
		};
		E5B5B1B62539414700FDB7BC /* MoviesTests */ = {
			isa = PBXNativeTarget;
			buildConfigurationList = E5B5B1CE2539414700FDB7BC /* Build configuration list for PBXNativeTarget "MoviesTests" */;
			buildPhases = (
				E5B5B1B32539414700FDB7BC /* Sources */,
				E5B5B1B42539414700FDB7BC /* Frameworks */,
				E5B5B1B52539414700FDB7BC /* Resources */,
			);
			buildRules = (
			);
			dependencies = (
				E5B5B1B92539414700FDB7BC /* PBXTargetDependency */,
			);
			name = MoviesTests;
			productName = MoviesTests;
			productReference = E5B5B1B72539414700FDB7BC /* MoviesTests.xctest */;
			productType = "com.apple.product-type.bundle.unit-test";
		};
		E5B5B1C12539414700FDB7BC /* MoviesUITests */ = {
			isa = PBXNativeTarget;
			buildConfigurationList = E5B5B1D12539414700FDB7BC /* Build configuration list for PBXNativeTarget "MoviesUITests" */;
			buildPhases = (
				E5B5B1BE2539414700FDB7BC /* Sources */,
				E5B5B1BF2539414700FDB7BC /* Frameworks */,
				E5B5B1C02539414700FDB7BC /* Resources */,
			);
			buildRules = (
			);
			dependencies = (
				E5B5B1C42539414700FDB7BC /* PBXTargetDependency */,
			);
			name = MoviesUITests;
			productName = MoviesUITests;
			productReference = E5B5B1C22539414700FDB7BC /* MoviesUITests.xctest */;
			productType = "com.apple.product-type.bundle.ui-testing";
		};
/* End PBXNativeTarget section */

/* Begin PBXProject section */
		E5B5B19E2539414500FDB7BC /* Project object */ = {
			isa = PBXProject;
			attributes = {
				LastSwiftUpdateCheck = 1200;
				LastUpgradeCheck = 1200;
				TargetAttributes = {
					E5B5B1A52539414500FDB7BC = {
						CreatedOnToolsVersion = 12.0.1;
					};
					E5B5B1B62539414700FDB7BC = {
						CreatedOnToolsVersion = 12.0.1;
						TestTargetID = E5B5B1A52539414500FDB7BC;
					};
					E5B5B1C12539414700FDB7BC = {
						CreatedOnToolsVersion = 12.0.1;
						TestTargetID = E5B5B1A52539414500FDB7BC;
					};
				};
			};
			buildConfigurationList = E5B5B1A12539414500FDB7BC /* Build configuration list for PBXProject "Movies" */;
			compatibilityVersion = "Xcode 9.3";
			developmentRegion = en;
			hasScannedForEncodings = 0;
			knownRegions = (
				en,
				Base,
			);
			mainGroup = E5B5B19D2539414500FDB7BC;
			productRefGroup = E5B5B1A72539414500FDB7BC /* Products */;
			projectDirPath = "";
			projectRoot = "";
			targets = (
				E5B5B1A52539414500FDB7BC /* Movies */,
				E5B5B1B62539414700FDB7BC /* MoviesTests */,
				E5B5B1C12539414700FDB7BC /* MoviesUITests */,
			);
		};
/* End PBXProject section */

/* Begin PBXResourcesBuildPhase section */
		E5B5B1A42539414500FDB7BC /* Resources */ = {
			isa = PBXResourcesBuildPhase;
			buildActionMask = 2147483647;
			files = (
				E5B5B1B12539414700FDB7BC /* Preview Assets.xcassets in Resources */,
				E5B5B1AE2539414700FDB7BC /* Assets.xcassets in Resources */,
			);
			runOnlyForDeploymentPostprocessing = 0;
		};
		E5B5B1B52539414700FDB7BC /* Resources */ = {
			isa = PBXResourcesBuildPhase;
			buildActionMask = 2147483647;
			files = (
			);
			runOnlyForDeploymentPostprocessing = 0;
		};
		E5B5B1C02539414700FDB7BC /* Resources */ = {
			isa = PBXResourcesBuildPhase;
			buildActionMask = 2147483647;
			files = (
			);
			runOnlyForDeploymentPostprocessing = 0;
		};
/* End PBXResourcesBuildPhase section */

/* Begin PBXSourcesBuildPhase section */
		E5B5B1A22539414500FDB7BC /* Sources */ = {
			isa = PBXSourcesBuildPhase;
			buildActionMask = 2147483647;
			files = (
				E5B5B1AC2539414500FDB7BC /* ContentView.swift in Sources */,
				E5B5B1AA2539414500FDB7BC /* MoviesApp.swift in Sources */,
			);
			runOnlyForDeploymentPostprocessing = 0;
		};
		E5B5B1B32539414700FDB7BC /* Sources */ = {
			isa = PBXSourcesBuildPhase;
			buildActionMask = 2147483647;
			files = (
				E5B5B1BC2539414700FDB7BC /* MoviesTests.swift in Sources */,
			);
			runOnlyForDeploymentPostprocessing = 0;
		};
		E5B5B1BE2539414700FDB7BC /* Sources */ = {
			isa = PBXSourcesBuildPhase;
			buildActionMask = 2147483647;
			files = (
				E5B5B1C72539414700FDB7BC /* MoviesUITests.swift in Sources */,
			);
			runOnlyForDeploymentPostprocessing = 0;
		};
/* End PBXSourcesBuildPhase section */

/* Begin PBXTargetDependency section */
		E5B5B1B92539414700FDB7BC /* PBXTargetDependency */ = {
			isa = PBXTargetDependency;
			target = E5B5B1A52539414500FDB7BC /* Movies */;
			targetProxy = E5B5B1B82539414700FDB7BC /* PBXContainerItemProxy */;
		};
		E5B5B1C42539414700FDB7BC /* PBXTargetDependency */ = {
			isa = PBXTargetDependency;
			target = E5B5B1A52539414500FDB7BC /* Movies */;
			targetProxy = E5B5B1C32539414700FDB7BC /* PBXContainerItemProxy */;
		};
/* End PBXTargetDependency section */

/* Begin XCBuildConfiguration section */
		E5B5B1C92539414700FDB7BC /* Debug */ = {
			isa = XCBuildConfiguration;
			buildSettings = {
				ALWAYS_SEARCH_USER_PATHS = NO;
				CLANG_ANALYZER_NONNULL = YES;
				CLANG_ANALYZER_NUMBER_OBJECT_CONVERSION = YES_AGGRESSIVE;
				CLANG_CXX_LANGUAGE_STANDARD = "gnu++14";
				CLANG_CXX_LIBRARY = "libc++";
				CLANG_ENABLE_MODULES = YES;
				CLANG_ENABLE_OBJC_ARC = YES;
				CLANG_ENABLE_OBJC_WEAK = YES;
				CLANG_WARN_BLOCK_CAPTURE_AUTORELEASING = YES;
				CLANG_WARN_BOOL_CONVERSION = YES;
				CLANG_WARN_COMMA = YES;
				CLANG_WARN_CONSTANT_CONVERSION = YES;
				CLANG_WARN_DEPRECATED_OBJC_IMPLEMENTATIONS = YES;
				CLANG_WARN_DIRECT_OBJC_ISA_USAGE = YES_ERROR;
				CLANG_WARN_DOCUMENTATION_COMMENTS = YES;
				CLANG_WARN_EMPTY_BODY = YES;
				CLANG_WARN_ENUM_CONVERSION = YES;
				CLANG_WARN_INFINITE_RECURSION = YES;
				CLANG_WARN_INT_CONVERSION = YES;
				CLANG_WARN_NON_LITERAL_NULL_CONVERSION = YES;
				CLANG_WARN_OBJC_IMPLICIT_RETAIN_SELF = YES;
				CLANG_WARN_OBJC_LITERAL_CONVERSION = YES;
				CLANG_WARN_OBJC_ROOT_CLASS = YES_ERROR;
				CLANG_WARN_QUOTED_INCLUDE_IN_FRAMEWORK_HEADER = YES;
				CLANG_WARN_RANGE_LOOP_ANALYSIS = YES;
				CLANG_WARN_STRICT_PROTOTYPES = YES;
				CLANG_WARN_SUSPICIOUS_MOVE = YES;
				CLANG_WARN_UNGUARDED_AVAILABILITY = YES_AGGRESSIVE;
				CLANG_WARN_UNREACHABLE_CODE = YES;
				CLANG_WARN__DUPLICATE_METHOD_MATCH = YES;
				COPY_PHASE_STRIP = NO;
				DEBUG_INFORMATION_FORMAT = dwarf;
				ENABLE_STRICT_OBJC_MSGSEND = YES;
				ENABLE_TESTABILITY = YES;
				FRAMEWORK_SEARCH_PATHS = ./app/build/bin/iosX64/debugFramework;
				GCC_C_LANGUAGE_STANDARD = gnu11;
				GCC_DYNAMIC_NO_PIC = NO;
				GCC_NO_COMMON_BLOCKS = YES;
				GCC_OPTIMIZATION_LEVEL = 0;
				GCC_PREPROCESSOR_DEFINITIONS = (
					"DEBUG=1",
					"$(inherited)",
				);
				GCC_WARN_64_TO_32_BIT_CONVERSION = YES;
				GCC_WARN_ABOUT_RETURN_TYPE = YES_ERROR;
				GCC_WARN_UNDECLARED_SELECTOR = YES;
				GCC_WARN_UNINITIALIZED_AUTOS = YES_AGGRESSIVE;
				GCC_WARN_UNUSED_FUNCTION = YES;
				GCC_WARN_UNUSED_VARIABLE = YES;
				IPHONEOS_DEPLOYMENT_TARGET = 14.0;
				MTL_ENABLE_DEBUG_INFO = INCLUDE_SOURCE;
				MTL_FAST_MATH = YES;
				ONLY_ACTIVE_ARCH = YES;
				SDKROOT = iphoneos;
				SWIFT_ACTIVE_COMPILATION_CONDITIONS = DEBUG;
				SWIFT_OPTIMIZATION_LEVEL = "-Onone";
			};
			name = Debug;
		};
		E5B5B1CA2539414700FDB7BC /* Release */ = {
			isa = XCBuildConfiguration;
			buildSettings = {
				ALWAYS_SEARCH_USER_PATHS = NO;
				CLANG_ANALYZER_NONNULL = YES;
				CLANG_ANALYZER_NUMBER_OBJECT_CONVERSION = YES_AGGRESSIVE;
				CLANG_CXX_LANGUAGE_STANDARD = "gnu++14";
				CLANG_CXX_LIBRARY = "libc++";
				CLANG_ENABLE_MODULES = YES;
				CLANG_ENABLE_OBJC_ARC = YES;
				CLANG_ENABLE_OBJC_WEAK = YES;
				CLANG_WARN_BLOCK_CAPTURE_AUTORELEASING = YES;
				CLANG_WARN_BOOL_CONVERSION = YES;
				CLANG_WARN_COMMA = YES;
				CLANG_WARN_CONSTANT_CONVERSION = YES;
				CLANG_WARN_DEPRECATED_OBJC_IMPLEMENTATIONS = YES;
				CLANG_WARN_DIRECT_OBJC_ISA_USAGE = YES_ERROR;
				CLANG_WARN_DOCUMENTATION_COMMENTS = YES;
				CLANG_WARN_EMPTY_BODY = YES;
				CLANG_WARN_ENUM_CONVERSION = YES;
				CLANG_WARN_INFINITE_RECURSION = YES;
				CLANG_WARN_INT_CONVERSION = YES;
				CLANG_WARN_NON_LITERAL_NULL_CONVERSION = YES;
				CLANG_WARN_OBJC_IMPLICIT_RETAIN_SELF = YES;
				CLANG_WARN_OBJC_LITERAL_CONVERSION = YES;
				CLANG_WARN_OBJC_ROOT_CLASS = YES_ERROR;
				CLANG_WARN_QUOTED_INCLUDE_IN_FRAMEWORK_HEADER = YES;
				CLANG_WARN_RANGE_LOOP_ANALYSIS = YES;
				CLANG_WARN_STRICT_PROTOTYPES = YES;
				CLANG_WARN_SUSPICIOUS_MOVE = YES;
				CLANG_WARN_UNGUARDED_AVAILABILITY = YES_AGGRESSIVE;
				CLANG_WARN_UNREACHABLE_CODE = YES;
				CLANG_WARN__DUPLICATE_METHOD_MATCH = YES;
				COPY_PHASE_STRIP = NO;
				DEBUG_INFORMATION_FORMAT = "dwarf-with-dsym";
				ENABLE_NS_ASSERTIONS = NO;
				ENABLE_STRICT_OBJC_MSGSEND = YES;
				FRAMEWORK_SEARCH_PATHS = ./app/build/bin/iosX64/debugFramework;
				GCC_C_LANGUAGE_STANDARD = gnu11;
				GCC_NO_COMMON_BLOCKS = YES;
				GCC_WARN_64_TO_32_BIT_CONVERSION = YES;
				GCC_WARN_ABOUT_RETURN_TYPE = YES_ERROR;
				GCC_WARN_UNDECLARED_SELECTOR = YES;
				GCC_WARN_UNINITIALIZED_AUTOS = YES_AGGRESSIVE;
				GCC_WARN_UNUSED_FUNCTION = YES;
				GCC_WARN_UNUSED_VARIABLE = YES;
				IPHONEOS_DEPLOYMENT_TARGET = 14.0;
				MTL_ENABLE_DEBUG_INFO = NO;
				MTL_FAST_MATH = YES;
				SDKROOT = iphoneos;
				SWIFT_COMPILATION_MODE = wholemodule;
				SWIFT_OPTIMIZATION_LEVEL = "-O";
				VALIDATE_PRODUCT = YES;
			};
			name = Release;
		};
		E5B5B1CC2539414700FDB7BC /* Debug */ = {
			isa = XCBuildConfiguration;
			buildSettings = {
				ASSETCATALOG_COMPILER_APPICON_NAME = AppIcon;
				ASSETCATALOG_COMPILER_GLOBAL_ACCENT_COLOR_NAME = AccentColor;
				CODE_SIGN_STYLE = Automatic;
				DEVELOPMENT_ASSET_PATHS = "\"Movies/Preview Content\"";
				ENABLE_PREVIEWS = YES;
				FRAMEWORK_SEARCH_PATHS = "$(SRCROOT)/../shared/build/xcode-frameworks";
				INFOPLIST_FILE = Movies/Info.plist;
				IPHONEOS_DEPLOYMENT_TARGET = 14.0;
				LD_RUNPATH_SEARCH_PATHS = (
					"$(inherited)",
					"@executable_path/Frameworks",
				);
				PRODUCT_BUNDLE_IDENTIFIER = com.corrado.Movies;
				PRODUCT_NAME = "$(TARGET_NAME)";
				SWIFT_VERSION = 5.0;
				TARGETED_DEVICE_FAMILY = "1,2";
			};
			name = Debug;
		};
		E5B5B1CD2539414700FDB7BC /* Release */ = {
			isa = XCBuildConfiguration;
			buildSettings = {
				ASSETCATALOG_COMPILER_APPICON_NAME = AppIcon;
				ASSETCATALOG_COMPILER_GLOBAL_ACCENT_COLOR_NAME = AccentColor;
				CODE_SIGN_STYLE = Automatic;
				DEVELOPMENT_ASSET_PATHS = "\"Movies/Preview Content\"";
				ENABLE_PREVIEWS = YES;
				FRAMEWORK_SEARCH_PATHS = "$(SRCROOT)/../shared/build/xcode-frameworks";
				INFOPLIST_FILE = Movies/Info.plist;
				IPHONEOS_DEPLOYMENT_TARGET = 14.0;
				LD_RUNPATH_SEARCH_PATHS = (
					"$(inherited)",
					"@executable_path/Frameworks",
				);
				PRODUCT_BUNDLE_IDENTIFIER = com.corrado.Movies;
				PRODUCT_NAME = "$(TARGET_NAME)";
				SWIFT_VERSION = 5.0;
				TARGETED_DEVICE_FAMILY = "1,2";
			};
			name = Release;
		};
		E5B5B1CF2539414700FDB7BC /* Debug */ = {
			isa = XCBuildConfiguration;
			buildSettings = {
				ALWAYS_EMBED_SWIFT_STANDARD_LIBRARIES = YES;
				BUNDLE_LOADER = "$(TEST_HOST)";
				CODE_SIGN_STYLE = Automatic;
				INFOPLIST_FILE = MoviesTests/Info.plist;
				IPHONEOS_DEPLOYMENT_TARGET = 14.0;
				LD_RUNPATH_SEARCH_PATHS = (
					"$(inherited)",
					"@executable_path/Frameworks",
					"@loader_path/Frameworks",
				);
				PRODUCT_BUNDLE_IDENTIFIER = com.corrado.MoviesTests;
				PRODUCT_NAME = "$(TARGET_NAME)";
				SWIFT_VERSION = 5.0;
				TARGETED_DEVICE_FAMILY = "1,2";
				TEST_HOST = "$(BUILT_PRODUCTS_DIR)/Movies.app/Movies";
			};
			name = Debug;
		};
		E5B5B1D02539414700FDB7BC /* Release */ = {
			isa = XCBuildConfiguration;
			buildSettings = {
				ALWAYS_EMBED_SWIFT_STANDARD_LIBRARIES = YES;
				BUNDLE_LOADER = "$(TEST_HOST)";
				CODE_SIGN_STYLE = Automatic;
				INFOPLIST_FILE = MoviesTests/Info.plist;
				IPHONEOS_DEPLOYMENT_TARGET = 14.0;
				LD_RUNPATH_SEARCH_PATHS = (
					"$(inherited)",
					"@executable_path/Frameworks",
					"@loader_path/Frameworks",
				);
				PRODUCT_BUNDLE_IDENTIFIER = com.corrado.MoviesTests;
				PRODUCT_NAME = "$(TARGET_NAME)";
				SWIFT_VERSION = 5.0;
				TARGETED_DEVICE_FAMILY = "1,2";
				TEST_HOST = "$(BUILT_PRODUCTS_DIR)/Movies.app/Movies";
			};
			name = Release;
		};
		E5B5B1D22539414700FDB7BC /* Debug */ = {
			isa = XCBuildConfiguration;
			buildSettings = {
				ALWAYS_EMBED_SWIFT_STANDARD_LIBRARIES = YES;
				CODE_SIGN_STYLE = Automatic;
				INFOPLIST_FILE = MoviesUITests/Info.plist;
				LD_RUNPATH_SEARCH_PATHS = (
					"$(inherited)",
					"@executable_path/Frameworks",
					"@loader_path/Frameworks",
				);
				PRODUCT_BUNDLE_IDENTIFIER = com.corrado.MoviesUITests;
				PRODUCT_NAME = "$(TARGET_NAME)";
				SWIFT_VERSION = 5.0;
				TARGETED_DEVICE_FAMILY = "1,2";
				TEST_TARGET_NAME = Movies;
			};
			name = Debug;
		};
		E5B5B1D32539414700FDB7BC /* Release */ = {
			isa = XCBuildConfiguration;
			buildSettings = {
				ALWAYS_EMBED_SWIFT_STANDARD_LIBRARIES = YES;
				CODE_SIGN_STYLE = Automatic;
				INFOPLIST_FILE = MoviesUITests/Info.plist;
				LD_RUNPATH_SEARCH_PATHS = (
					"$(inherited)",
					"@executable_path/Frameworks",
					"@loader_path/Frameworks",
				);
				PRODUCT_BUNDLE_IDENTIFIER = com.corrado.MoviesUITests;
				PRODUCT_NAME = "$(TARGET_NAME)";
				SWIFT_VERSION = 5.0;
				TARGETED_DEVICE_FAMILY = "1,2";
				TEST_TARGET_NAME = Movies;
			};
			name = Release;
		};
/* End XCBuildConfiguration section */

/* Begin XCConfigurationList section */
		E5B5B1A12539414500FDB7BC /* Build configuration list for PBXProject "Movies" */ = {
			isa = XCConfigurationList;
			buildConfigurations = (
				E5B5B1C92539414700FDB7BC /* Debug */,
				E5B5B1CA2539414700FDB7BC /* Release */,
			);
			defaultConfigurationIsVisible = 0;
			defaultConfigurationName = Release;
		};
		E5B5B1CB2539414700FDB7BC /* Build configuration list for PBXNativeTarget "Movies" */ = {
			isa = XCConfigurationList;
			buildConfigurations = (
				E5B5B1CC2539414700FDB7BC /* Debug */,
				E5B5B1CD2539414700FDB7BC /* Release */,
			);
			defaultConfigurationIsVisible = 0;
			defaultConfigurationName = Release;
		};
		E5B5B1CE2539414700FDB7BC /* Build configuration list for PBXNativeTarget "MoviesTests" */ = {
			isa = XCConfigurationList;
			buildConfigurations = (
				E5B5B1CF2539414700FDB7BC /* Debug */,
				E5B5B1D02539414700FDB7BC /* Release */,
			);
			defaultConfigurationIsVisible = 0;
			defaultConfigurationName = Release;
		};
		E5B5B1D12539414700FDB7BC /* Build configuration list for PBXNativeTarget "MoviesUITests" */ = {
			isa = XCConfigurationList;
			buildConfigurations = (
				E5B5B1D22539414700FDB7BC /* Debug */,
				E5B5B1D32539414700FDB7BC /* Release */,
			);
			defaultConfigurationIsVisible = 0;
			defaultConfigurationName = Release;
		};
/* End XCConfigurationList section */
	};
	rootObject = E5B5B19E2539414500FDB7BC /* Project object */;
}
